
Microsoft Visual Studio Solution File, Format Version 12.00
# Visual Studio Version 16
VisualStudioVersion = 16.0.29519.87
MinimumVisualStudioVersion = 10.0.40219.1
Project("{9A19103F-16F7-4668-BE54-9A1E7A4F7556}") = "testeBRQ", "testeBRQ.csproj", "{01C9BFB9-8E5D-420B-9E74-6E720983FA12}"
EndProject
Global
	GlobalSection(SolutionConfigurationPlatforms) = preSolution
		Debug|Any CPU = Debug|Any CPU
		Release|Any CPU = Release|Any CPU
	EndGlobalSection
	GlobalSection(ProjectConfigurationPlatforms) = postSolution
		{01C9BFB9-8E5D-420B-9E74-6E720983FA12}.Debug|Any CPU.ActiveCfg = Debug|Any CPU
		{01C9BFB9-8E5D-420B-9E74-6E720983FA12}.Debug|Any CPU.Build.0 = Debug|Any CPU
		{01C9BFB9-8E5D-420B-9E74-6E720983FA12}.Release|Any CPU.ActiveCfg = Release|Any CPU
		{01C9BFB9-8E5D-420B-9E74-6E720983FA12}.Release|Any CPU.Build.0 = Release|Any CPU
	EndGlobalSection
	GlobalSection(SolutionProperties) = preSolution
		HideSolutionNode = FALSE
	EndGlobalSection
	GlobalSection(ExtensibilityGlobals) = postSolution
		SolutionGuid = {BE474372-7609-4F9C-8F56-244FD2356DDB}
	EndGlobalSection
EndGlobal
